
Microsoft Visual Studio Solution File, Format Version 12.00
# Visual Studio Version 16
VisualStudioVersion = 16.0.28922.388
MinimumVisualStudioVersion = 10.0.40219.1
Project("{FAE04EC0-301F-11D3-BF4B-00C04F79EFBC}") = "MaaslandDiscordBot", "MaaslandDiscordBot\MaaslandDiscordBot.csproj", "{68D2FAE4-3BC9-4364-9DDA-4A64CB8C1E02}"
EndProject
Project("{FAE04EC0-301F-11D3-BF4B-00C04F79EFBC}") = "MaaslandDiscordBot.Models", "MaaslandDiscordBot.Models\MaaslandDiscordBot.Models.csproj", "{2432E33E-30F8-4D1F-B4C3-EF679BE9BF50}"
EndProject
Global
	GlobalSection(SolutionConfigurationPlatforms) = preSolution
		Debug|Any CPU = Debug|Any CPU
		Debug|x64 = Debug|x64
		Release|Any CPU = Release|Any CPU
		Release|x64 = Release|x64
	EndGlobalSection
	GlobalSection(ProjectConfigurationPlatforms) = postSolution
		{68D2FAE4-3BC9-4364-9DDA-4A64CB8C1E02}.Debug|Any CPU.ActiveCfg = Debug|Any CPU
		{68D2FAE4-3BC9-4364-9DDA-4A64CB8C1E02}.Debug|Any CPU.Build.0 = Debug|Any CPU
		{68D2FAE4-3BC9-4364-9DDA-4A64CB8C1E02}.Debug|x64.ActiveCfg = Debug|x64
		{68D2FAE4-3BC9-4364-9DDA-4A64CB8C1E02}.Debug|x64.Build.0 = Debug|x64
		{68D2FAE4-3BC9-4364-9DDA-4A64CB8C1E02}.Release|Any CPU.ActiveCfg = Release|Any CPU
		{68D2FAE4-3BC9-4364-9DDA-4A64CB8C1E02}.Release|Any CPU.Build.0 = Release|Any CPU
		{68D2FAE4-3BC9-4364-9DDA-4A64CB8C1E02}.Release|x64.ActiveCfg = Release|x64
		{68D2FAE4-3BC9-4364-9DDA-4A64CB8C1E02}.Release|x64.Build.0 = Release|x64
		{2432E33E-30F8-4D1F-B4C3-EF679BE9BF50}.Debug|Any CPU.ActiveCfg = Debug|Any CPU
		{2432E33E-30F8-4D1F-B4C3-EF679BE9BF50}.Debug|Any CPU.Build.0 = Debug|Any CPU
		{2432E33E-30F8-4D1F-B4C3-EF679BE9BF50}.Debug|x64.ActiveCfg = Debug|Any CPU
		{2432E33E-30F8-4D1F-B4C3-EF679BE9BF50}.Debug|x64.Build.0 = Debug|Any CPU
		{2432E33E-30F8-4D1F-B4C3-EF679BE9BF50}.Release|Any CPU.ActiveCfg = Release|Any CPU
		{2432E33E-30F8-4D1F-B4C3-EF679BE9BF50}.Release|Any CPU.Build.0 = Release|Any CPU
		{2432E33E-30F8-4D1F-B4C3-EF679BE9BF50}.Release|x64.ActiveCfg = Release|Any CPU
		{2432E33E-30F8-4D1F-B4C3-EF679BE9BF50}.Release|x64.Build.0 = Release|Any CPU
	EndGlobalSection
	GlobalSection(SolutionProperties) = preSolution
		HideSolutionNode = FALSE
	EndGlobalSection
	GlobalSection(ExtensibilityGlobals) = postSolution
		SolutionGuid = {4057B11D-D897-413D-A989-490DBE9738A6}
	EndGlobalSection
EndGlobal
